
Microsoft Visual Studio Solution File, Format Version 10.00
# Visual Studio 2008
Project("{FAE04EC0-301F-11D3-BF4B-00C04F79EFBC}") = "xTupleTSGenerator", "xTupleTSGenerator\xTupleTSGenerator.csproj", "{5B0ABB43-1C7E-46AA-9B0A-B523CEE86782}"
EndProject
Global
	GlobalSection(SolutionConfigurationPlatforms) = preSolution
		Debug|Any CPU = Debug|Any CPU
		Release|Any CPU = Release|Any CPU
	EndGlobalSection
	GlobalSection(ProjectConfigurationPlatforms) = postSolution
		{5B0ABB43-1C7E-46AA-9B0A-B523CEE86782}.Debug|Any CPU.ActiveCfg = Debug|Any CPU
		{5B0ABB43-1C7E-46AA-9B0A-B523CEE86782}.Debug|Any CPU.Build.0 = Debug|Any CPU
		{5B0ABB43-1C7E-46AA-9B0A-B523CEE86782}.Release|Any CPU.ActiveCfg = Release|Any CPU
		{5B0ABB43-1C7E-46AA-9B0A-B523CEE86782}.Release|Any CPU.Build.0 = Release|Any CPU
	EndGlobalSection
	GlobalSection(SolutionProperties) = preSolution
		HideSolutionNode = FALSE
	EndGlobalSection
EndGlobal
